// !$*UTF8*$!
{
	archiveVersion = 1;
	classes = {
	};
	objectVersion = 50;
	objects = {

/* Begin PBXBuildFile section */
		31026BDB225E65140077A5F2 /* AppDelegate.m in Sources */ = {isa = PBXBuildFile; fileRef = 31026BDA225E65140077A5F2 /* AppDelegate.m */; };
		31026BDE225E65140077A5F2 /* ViewController.m in Sources */ = {isa = PBXBuildFile; fileRef = 31026BDD225E65140077A5F2 /* ViewController.m */; };
		31026BE1225E65140077A5F2 /* Main.storyboard in Resources */ = {isa = PBXBuildFile; fileRef = 31026BDF225E65140077A5F2 /* Main.storyboard */; };
		31026BE4225E65140077A5F2 /* CDTest.xcdatamodeld in Sources */ = {isa = PBXBuildFile; fileRef = 31026BE2225E65140077A5F2 /* CDTest.xcdatamodeld */; };
		31026BE6225E65150077A5F2 /* Assets.xcassets in Resources */ = {isa = PBXBuildFile; fileRef = 31026BE5225E65150077A5F2 /* Assets.xcassets */; };
		31026BE9225E65150077A5F2 /* LaunchScreen.storyboard in Resources */ = {isa = PBXBuildFile; fileRef = 31026BE7225E65150077A5F2 /* LaunchScreen.storyboard */; };
		31026BEC225E65150077A5F2 /* main.m in Sources */ = {isa = PBXBuildFile; fileRef = 31026BEB225E65150077A5F2 /* main.m */; };
/* End PBXBuildFile section */

/* Begin PBXFileReference section */
		31026BD6225E65140077A5F2 /* CDTest.app */ = {isa = PBXFileReference; explicitFileType = wrapper.application; includeInIndex = 0; path = CDTest.app; sourceTree = BUILT_PRODUCTS_DIR; };
		31026BD9225E65140077A5F2 /* AppDelegate.h */ = {isa = PBXFileReference; lastKnownFileType = sourcecode.c.h; path = AppDelegate.h; sourceTree = "<group>"; };
		31026BDA225E65140077A5F2 /* AppDelegate.m */ = {isa = PBXFileReference; lastKnownFileType = sourcecode.c.objc; path = AppDelegate.m; sourceTree = "<group>"; };
		31026BDC225E65140077A5F2 /* ViewController.h */ = {isa = PBXFileReference; lastKnownFileType = sourcecode.c.h; path = ViewController.h; sourceTree = "<group>"; };
		31026BDD225E65140077A5F2 /* ViewController.m */ = {isa = PBXFileReference; lastKnownFileType = sourcecode.c.objc; path = ViewController.m; sourceTree = "<group>"; };
		31026BE0225E65140077A5F2 /* Base */ = {isa = PBXFileReference; lastKnownFileType = file.storyboard; name = Base; path = Base.lproj/Main.storyboard; sourceTree = "<group>"; };
		31026BE3225E65140077A5F2 /* CDTest.xcdatamodel */ = {isa = PBXFileReference; lastKnownFileType = wrapper.xcdatamodel; path = CDTest.xcdatamodel; sourceTree = "<group>"; };
		31026BE5225E65150077A5F2 /* Assets.xcassets */ = {isa = PBXFileReference; lastKnownFileType = folder.assetcatalog; path = Assets.xcassets; sourceTree = "<group>"; };
		31026BE8225E65150077A5F2 /* Base */ = {isa = PBXFileReference; lastKnownFileType = file.storyboard; name = Base; path = Base.lproj/LaunchScreen.storyboard; sourceTree = "<group>"; };
		31026BEA225E65150077A5F2 /* Info.plist */ = {isa = PBXFileReference; lastKnownFileType = text.plist.xml; path = Info.plist; sourceTree = "<group>"; };
		31026BEB225E65150077A5F2 /* main.m */ = {isa = PBXFileReference; lastKnownFileType = sourcecode.c.objc; path = main.m; sourceTree = "<group>"; };
/* End PBXFileReference section */

/* Begin PBXFrameworksBuildPhase section */
		31026BD3225E65140077A5F2 /* Frameworks */ = {
			isa = PBXFrameworksBuildPhase;
			buildActionMask = 2147483647;
			files = (
			);
			runOnlyForDeploymentPostprocessing = 0;
		};
/* End PBXFrameworksBuildPhase section */

/* Begin PBXGroup section */
		31026BCD225E65140077A5F2 = {
			isa = PBXGroup;
			children = (
				31026BD8225E65140077A5F2 /* CDTest */,
				31026BD7225E65140077A5F2 /* Products */,
			);
			sourceTree = "<group>";
		};
		31026BD7225E65140077A5F2 /* Products */ = {
			isa = PBXGroup;
			children = (
				31026BD6225E65140077A5F2 /* CDTest.app */,
			);
			name = Products;
			sourceTree = "<group>";
		};
		31026BD8225E65140077A5F2 /* CDTest */ = {
			isa = PBXGroup;
			children = (
				31026BD9225E65140077A5F2 /* AppDelegate.h */,
				31026BDA225E65140077A5F2 /* AppDelegate.m */,
				31026BDC225E65140077A5F2 /* ViewController.h */,
				31026BDD225E65140077A5F2 /* ViewController.m */,
				31026BDF225E65140077A5F2 /* Main.storyboard */,
				31026BE5225E65150077A5F2 /* Assets.xcassets */,
				31026BE7225E65150077A5F2 /* LaunchScreen.storyboard */,
				31026BEA225E65150077A5F2 /* Info.plist */,
				31026BEB225E65150077A5F2 /* main.m */,
				31026BE2225E65140077A5F2 /* CDTest.xcdatamodeld */,
			);
			path = CDTest;
			sourceTree = "<group>";
		};
/* End PBXGroup section */

/* Begin PBXNativeTarget section */
		31026BD5225E65140077A5F2 /* CDTest */ = {
			isa = PBXNativeTarget;
			buildConfigurationList = 31026BEF225E65150077A5F2 /* Build configuration list for PBXNativeTarget "CDTest" */;
			buildPhases = (
				31026BD2225E65140077A5F2 /* Sources */,
				31026BD3225E65140077A5F2 /* Frameworks */,
				31026BD4225E65140077A5F2 /* Resources */,
			);
			buildRules = (
			);
			dependencies = (
			);
			name = CDTest;
			productName = CDTest;
			productReference = 31026BD6225E65140077A5F2 /* CDTest.app */;
			productType = "com.apple.product-type.application";
		};
/* End PBXNativeTarget section */

/* Begin PBXProject section */
		31026BCE225E65140077A5F2 /* Project object */ = {
			isa = PBXProject;
			attributes = {
				LastUpgradeCheck = 1020;
				ORGANIZATIONNAME = "Fernando Bunn";
				TargetAttributes = {
					31026BD5225E65140077A5F2 = {
						CreatedOnToolsVersion = 10.2;
					};
				};
			};
			buildConfigurationList = 31026BD1225E65140077A5F2 /* Build configuration list for PBXProject "CDTest" */;
			compatibilityVersion = "Xcode 9.3";
			developmentRegion = en;
			hasScannedForEncodings = 0;
			knownRegions = (
				en,
				Base,
			);
			mainGroup = 31026BCD225E65140077A5F2;
			productRefGroup = 31026BD7225E65140077A5F2 /* Products */;
			projectDirPath = "";
			projectRoot = "";
			targets = (
				31026BD5225E65140077A5F2 /* CDTest */,
			);
		};
/* End PBXProject section */

/* Begin PBXResourcesBuildPhase section */
		31026BD4225E65140077A5F2 /* Resources */ = {
			isa = PBXResourcesBuildPhase;
			buildActionMask = 2147483647;
			files = (
				31026BE9225E65150077A5F2 /* LaunchScreen.storyboard in Resources */,
				31026BE6225E65150077A5F2 /* Assets.xcassets in Resources */,
				31026BE1225E65140077A5F2 /* Main.storyboard in Resources */,
			);
			runOnlyForDeploymentPostprocessing = 0;
		};
/* End PBXResourcesBuildPhase section */

/* Begin PBXSourcesBuildPhase section */
		31026BD2225E65140077A5F2 /* Sources */ = {
			isa = PBXSourcesBuildPhase;
			buildActionMask = 2147483647;
			files = (
				31026BDE225E65140077A5F2 /* ViewController.m in Sources */,
				31026BDB225E65140077A5F2 /* AppDelegate.m in Sources */,
				31026BEC225E65150077A5F2 /* main.m in Sources */,
				31026BE4225E65140077A5F2 /* CDTest.xcdatamodeld in Sources */,
			);
			runOnlyForDeploymentPostprocessing = 0;
		};
/* End PBXSourcesBuildPhase section */

/* Begin PBXVariantGroup section */
		31026BDF225E65140077A5F2 /* Main.storyboard */ = {
			isa = PBXVariantGroup;
			children = (
				31026BE0225E65140077A5F2 /* Base */,
			);
			name = Main.storyboard;
			sourceTree = "<group>";
		};
		31026BE7225E65150077A5F2 /* LaunchScreen.storyboard */ = {
			isa = PBXVariantGroup;
			children = (
				31026BE8225E65150077A5F2 /* Base */,
			);
			name = LaunchScreen.storyboard;
			sourceTree = "<group>";
		};
/* End PBXVariantGroup section */

/* Begin XCBuildConfiguration section */
		31026BED225E65150077A5F2 /* Debug */ = {
			isa = XCBuildConfiguration;
			buildSettings = {
				ALWAYS_SEARCH_USER_PATHS = NO;
				CLANG_ANALYZER_NONNULL = YES;
				CLANG_ANALYZER_NUMBER_OBJECT_CONVERSION = YES_AGGRESSIVE;
				CLANG_CXX_LANGUAGE_STANDARD = "gnu++14";
				CLANG_CXX_LIBRARY = "libc++";
				CLANG_ENABLE_MODULES = YES;
				CLANG_ENABLE_OBJC_ARC = YES;
				CLANG_ENABLE_OBJC_WEAK = YES;
				CLANG_WARN_BLOCK_CAPTURE_AUTORELEASING = YES;
				CLANG_WARN_BOOL_CONVERSION = YES;
				CLANG_WARN_COMMA = YES;
				CLANG_WARN_CONSTANT_CONVERSION = YES;
				CLANG_WARN_DEPRECATED_OBJC_IMPLEMENTATIONS = YES;
				CLANG_WARN_DIRECT_OBJC_ISA_USAGE = YES_ERROR;
				CLANG_WARN_DOCUMENTATION_COMMENTS = YES;
				CLANG_WARN_EMPTY_BODY = YES;
				CLANG_WARN_ENUM_CONVERSION = YES;
				CLANG_WARN_INFINITE_RECURSION = YES;
				CLANG_WARN_INT_CONVERSION = YES;
				CLANG_WARN_NON_LITERAL_NULL_CONVERSION = YES;
				CLANG_WARN_OBJC_IMPLICIT_RETAIN_SELF = YES;
				CLANG_WARN_OBJC_LITERAL_CONVERSION = YES;
				CLANG_WARN_OBJC_ROOT_CLASS = YES_ERROR;
				CLANG_WARN_RANGE_LOOP_ANALYSIS = YES;
				CLANG_WARN_STRICT_PROTOTYPES = YES;
				CLANG_WARN_SUSPICIOUS_MOVE = YES;
				CLANG_WARN_UNGUARDED_AVAILABILITY = YES_AGGRESSIVE;
				CLANG_WARN_UNREACHABLE_CODE = YES;
				CLANG_WARN__DUPLICATE_METHOD_MATCH = YES;
				CODE_SIGN_IDENTITY = "iPhone Developer";
				COPY_PHASE_STRIP = NO;
				DEBUG_INFORMATION_FORMAT = dwarf;
				ENABLE_STRICT_OBJC_MSGSEND = YES;
				ENABLE_TESTABILITY = YES;
				GCC_C_LANGUAGE_STANDARD = gnu11;
				GCC_DYNAMIC_NO_PIC = NO;
				GCC_NO_COMMON_BLOCKS = YES;
				GCC_OPTIMIZATION_LEVEL = 0;
				GCC_PREPROCESSOR_DEFINITIONS = (
					"DEBUG=1",
					"$(inherited)",
				);
				GCC_WARN_64_TO_32_BIT_CONVERSION = YES;
				GCC_WARN_ABOUT_RETURN_TYPE = YES_ERROR;
				GCC_WARN_UNDECLARED_SELECTOR = YES;
				GCC_WARN_UNINITIALIZED_AUTOS = YES_AGGRESSIVE;
				GCC_WARN_UNUSED_FUNCTION = YES;
				GCC_WARN_UNUSED_VARIABLE = YES;
				IPHONEOS_DEPLOYMENT_TARGET = 12.2;
				MTL_ENABLE_DEBUG_INFO = INCLUDE_SOURCE;
				MTL_FAST_MATH = YES;
				ONLY_ACTIVE_ARCH = YES;
				SDKROOT = iphoneos;
			};
			name = Debug;
		};
		31026BEE225E65150077A5F2 /* Release */ = {
			isa = XCBuildConfiguration;
			buildSettings = {
				ALWAYS_SEARCH_USER_PATHS = NO;
				CLANG_ANALYZER_NONNULL = YES;
				CLANG_ANALYZER_NUMBER_OBJECT_CONVERSION = YES_AGGRESSIVE;
				CLANG_CXX_LANGUAGE_STANDARD = "gnu++14";
				CLANG_CXX_LIBRARY = "libc++";
				CLANG_ENABLE_MODULES = YES;
				CLANG_ENABLE_OBJC_ARC = YES;
				CLANG_ENABLE_OBJC_WEAK = YES;
				CLANG_WARN_BLOCK_CAPTURE_AUTORELEASING = YES;
				CLANG_WARN_BOOL_CONVERSION = YES;
				CLANG_WARN_COMMA = YES;
				CLANG_WARN_CONSTANT_CONVERSION = YES;
				CLANG_WARN_DEPRECATED_OBJC_IMPLEMENTATIONS = YES;
				CLANG_WARN_DIRECT_OBJC_ISA_USAGE = YES_ERROR;
				CLANG_WARN_DOCUMENTATION_COMMENTS = YES;
				CLANG_WARN_EMPTY_BODY = YES;
				CLANG_WARN_ENUM_CONVERSION = YES;
				CLANG_WARN_INFINITE_RECURSION = YES;
				CLANG_WARN_INT_CONVERSION = YES;
				CLANG_WARN_NON_LITERAL_NULL_CONVERSION = YES;
				CLANG_WARN_OBJC_IMPLICIT_RETAIN_SELF = YES;
				CLANG_WARN_OBJC_LITERAL_CONVERSION = YES;
				CLANG_WARN_OBJC_ROOT_CLASS = YES_ERROR;
				CLANG_WARN_RANGE_LOOP_ANALYSIS = YES;
				CLANG_WARN_STRICT_PROTOTYPES = YES;
				CLANG_WARN_SUSPICIOUS_MOVE = YES;
				CLANG_WARN_UNGUARDED_AVAILABILITY = YES_AGGRESSIVE;
				CLANG_WARN_UNREACHABLE_CODE = YES;
				CLANG_WARN__DUPLICATE_METHOD_MATCH = YES;
				CODE_SIGN_IDENTITY = "iPhone Developer";
				COPY_PHASE_STRIP = NO;
				DEBUG_INFORMATION_FORMAT = "dwarf-with-dsym";
				ENABLE_NS_ASSERTIONS = NO;
				ENABLE_STRICT_OBJC_MSGSEND = YES;
				GCC_C_LANGUAGE_STANDARD = gnu11;
				GCC_NO_COMMON_BLOCKS = YES;
				GCC_WARN_64_TO_32_BIT_CONVERSION = YES;
				GCC_WARN_ABOUT_RETURN_TYPE = YES_ERROR;
				GCC_WARN_UNDECLARED_SELECTOR = YES;
				GCC_WARN_UNINITIALIZED_AUTOS = YES_AGGRESSIVE;
				GCC_WARN_UNUSED_FUNCTION = YES;
				GCC_WARN_UNUSED_VARIABLE = YES;
				IPHONEOS_DEPLOYMENT_TARGET = 12.2;
				MTL_ENABLE_DEBUG_INFO = NO;
				MTL_FAST_MATH = YES;
				SDKROOT = iphoneos;
				VALIDATE_PRODUCT = YES;
			};
			name = Release;
		};
		31026BF0225E65150077A5F2 /* Debug */ = {
			isa = XCBuildConfiguration;
			buildSettings = {
				ASSETCATALOG_COMPILER_APPICON_NAME = AppIcon;
				CODE_SIGN_STYLE = Automatic;
				INFOPLIST_FILE = CDTest/Info.plist;
				LD_RUNPATH_SEARCH_PATHS = (
					"$(inherited)",
					"@executable_path/Frameworks",
				);
				PRODUCT_BUNDLE_IDENTIFIER = test.CDTest;
				PRODUCT_NAME = "$(TARGET_NAME)";
				TARGETED_DEVICE_FAMILY = "1,2";
			};
			name = Debug;
		};
		31026BF1225E65150077A5F2 /* Release */ = {
			isa = XCBuildConfiguration;
			buildSettings = {
				ASSETCATALOG_COMPILER_APPICON_NAME = AppIcon;
				CODE_SIGN_STYLE = Automatic;
				INFOPLIST_FILE = CDTest/Info.plist;
				LD_RUNPATH_SEARCH_PATHS = (
					"$(inherited)",
					"@executable_path/Frameworks",
				);
				PRODUCT_BUNDLE_IDENTIFIER = test.CDTest;
				PRODUCT_NAME = "$(TARGET_NAME)";
				TARGETED_DEVICE_FAMILY = "1,2";
			};
			name = Release;
		};
/* End XCBuildConfiguration section */

/* Begin XCConfigurationList section */
		31026BD1225E65140077A5F2 /* Build configuration list for PBXProject "CDTest" */ = {
			isa = XCConfigurationList;
			buildConfigurations = (
				31026BED225E65150077A5F2 /* Debug */,
				31026BEE225E65150077A5F2 /* Release */,
			);
			defaultConfigurationIsVisible = 0;
			defaultConfigurationName = Release;
		};
		31026BEF225E65150077A5F2 /* Build configuration list for PBXNativeTarget "CDTest" */ = {
			isa = XCConfigurationList;
			buildConfigurations = (
				31026BF0225E65150077A5F2 /* Debug */,
				31026BF1225E65150077A5F2 /* Release */,
			);
			defaultConfigurationIsVisible = 0;
			defaultConfigurationName = Release;
		};
/* End XCConfigurationList section */

/* Begin XCVersionGroup section */
		31026BE2225E65140077A5F2 /* CDTest.xcdatamodeld */ = {
			isa = XCVersionGroup;
			children = (
				31026BE3225E65140077A5F2 /* CDTest.xcdatamodel */,
			);
			currentVersion = 31026BE3225E65140077A5F2 /* CDTest.xcdatamodel */;
			path = CDTest.xcdatamodeld;
			sourceTree = "<group>";
			versionGroupType = wrapper.xcdatamodel;
		};
/* End XCVersionGroup section */
	};
	rootObject = 31026BCE225E65140077A5F2 /* Project object */;
}
